
Microsoft Visual Studio Solution File, Format Version 12.00
# Visual Studio 15
VisualStudioVersion = 15.0.28307.902
MinimumVisualStudioVersion = 10.0.40219.1
Project("{FAE04EC0-301F-11D3-BF4B-00C04F79EFBC}") = "Question5", "Question5\Question5.csproj", "{00FD3791-E18C-485C-9789-719D0EE5E753}"
EndProject
Global
	GlobalSection(SolutionConfigurationPlatforms) = preSolution
		Debug|Any CPU = Debug|Any CPU
		Release|Any CPU = Release|Any CPU
	EndGlobalSection
	GlobalSection(ProjectConfigurationPlatforms) = postSolution
		{00FD3791-E18C-485C-9789-719D0EE5E753}.Debug|Any CPU.ActiveCfg = Debug|Any CPU
		{00FD3791-E18C-485C-9789-719D0EE5E753}.Debug|Any CPU.Build.0 = Debug|Any CPU
		{00FD3791-E18C-485C-9789-719D0EE5E753}.Release|Any CPU.ActiveCfg = Release|Any CPU
		{00FD3791-E18C-485C-9789-719D0EE5E753}.Release|Any CPU.Build.0 = Release|Any CPU
	EndGlobalSection
	GlobalSection(SolutionProperties) = preSolution
		HideSolutionNode = FALSE
	EndGlobalSection
	GlobalSection(ExtensibilityGlobals) = postSolution
		SolutionGuid = {C9F8E752-043C-42DE-A807-EA6D1FBBF8E0}
	EndGlobalSection
EndGlobal
